
Microsoft Visual Studio Solution File, Format Version 12.00
# Visual Studio Version 17
VisualStudioVersion = 17.7.34202.233
MinimumVisualStudioVersion = 10.0.40219.1
Project("{FAE04EC0-301F-11D3-BF4B-00C04F79EFBC}") = "CRUD_2312B1", "CRUD_2312B1\CRUD_2312B1.csproj", "{4ECB8DB6-0563-4006-9DBE-A7161C5F056B}"
EndProject
Global
	GlobalSection(SolutionConfigurationPlatforms) = preSolution
		Debug|Any CPU = Debug|Any CPU
		Release|Any CPU = Release|Any CPU
	EndGlobalSection
	GlobalSection(ProjectConfigurationPlatforms) = postSolution
		{4ECB8DB6-0563-4006-9DBE-A7161C5F056B}.Debug|Any CPU.ActiveCfg = Debug|Any CPU
		{4ECB8DB6-0563-4006-9DBE-A7161C5F056B}.Debug|Any CPU.Build.0 = Debug|Any CPU
		{4ECB8DB6-0563-4006-9DBE-A7161C5F056B}.Release|Any CPU.ActiveCfg = Release|Any CPU
		{4ECB8DB6-0563-4006-9DBE-A7161C5F056B}.Release|Any CPU.Build.0 = Release|Any CPU
	EndGlobalSection
	GlobalSection(SolutionProperties) = preSolution
		HideSolutionNode = FALSE
	EndGlobalSection
	GlobalSection(ExtensibilityGlobals) = postSolution
		SolutionGuid = {D7C528C6-E3E8-494E-BFDE-52658716E0B4}
	EndGlobalSection
EndGlobal
